// !$*UTF8*$!
{
	archiveVersion = 1;
	classes = {
	};
	objectVersion = 56;
	objects = {

/* Begin PBXBuildFile section */
		D7A9466B2A2889F4001E2CE1 /* AppDelegate.swift in Sources */ = {isa = PBXBuildFile; fileRef = D7A9466A2A2889F4001E2CE1 /* AppDelegate.swift */; };
		D7A9466D2A2889F4001E2CE1 /* SceneDelegate.swift in Sources */ = {isa = PBXBuildFile; fileRef = D7A9466C2A2889F4001E2CE1 /* SceneDelegate.swift */; };
		D7A9466F2A2889F4001E2CE1 /* ViewController.swift in Sources */ = {isa = PBXBuildFile; fileRef = D7A9466E2A2889F4001E2CE1 /* ViewController.swift */; };
		D7A946722A2889F4001E2CE1 /* Main.storyboard in Resources */ = {isa = PBXBuildFile; fileRef = D7A946702A2889F4001E2CE1 /* Main.storyboard */; };
		D7A946742A2889F5001E2CE1 /* Assets.xcassets in Resources */ = {isa = PBXBuildFile; fileRef = D7A946732A2889F5001E2CE1 /* Assets.xcassets */; };
		D7A946772A2889F5001E2CE1 /* LaunchScreen.storyboard in Resources */ = {isa = PBXBuildFile; fileRef = D7A946752A2889F5001E2CE1 /* LaunchScreen.storyboard */; };
		D7A946822A2889F5001E2CE1 /* MVVM_Example_textfieldTests.swift in Sources */ = {isa = PBXBuildFile; fileRef = D7A946812A2889F5001E2CE1 /* MVVM_Example_textfieldTests.swift */; };
		D7A9468C2A2889F5001E2CE1 /* MVVM_Example_textfieldUITests.swift in Sources */ = {isa = PBXBuildFile; fileRef = D7A9468B2A2889F5001E2CE1 /* MVVM_Example_textfieldUITests.swift */; };
		D7A9468E2A2889F5001E2CE1 /* MVVM_Example_textfieldUITestsLaunchTests.swift in Sources */ = {isa = PBXBuildFile; fileRef = D7A9468D2A2889F5001E2CE1 /* MVVM_Example_textfieldUITestsLaunchTests.swift */; };
		D7A946A02A288A5C001E2CE1 /* Observable.swift in Sources */ = {isa = PBXBuildFile; fileRef = D7A9469F2A288A5C001E2CE1 /* Observable.swift */; };
/* End PBXBuildFile section */

/* Begin PBXContainerItemProxy section */
		D7A9467E2A2889F5001E2CE1 /* PBXContainerItemProxy */ = {
			isa = PBXContainerItemProxy;
			containerPortal = D7A9465F2A2889F4001E2CE1 /* Project object */;
			proxyType = 1;
			remoteGlobalIDString = D7A946662A2889F4001E2CE1;
			remoteInfo = MVVM_Example_textfield;
		};
		D7A946882A2889F5001E2CE1 /* PBXContainerItemProxy */ = {
			isa = PBXContainerItemProxy;
			containerPortal = D7A9465F2A2889F4001E2CE1 /* Project object */;
			proxyType = 1;
			remoteGlobalIDString = D7A946662A2889F4001E2CE1;
			remoteInfo = MVVM_Example_textfield;
		};
/* End PBXContainerItemProxy section */

/* Begin PBXFileReference section */
		D7A946672A2889F4001E2CE1 /* MVVM_Example_textfield.app */ = {isa = PBXFileReference; explicitFileType = wrapper.application; includeInIndex = 0; path = MVVM_Example_textfield.app; sourceTree = BUILT_PRODUCTS_DIR; };
		D7A9466A2A2889F4001E2CE1 /* AppDelegate.swift */ = {isa = PBXFileReference; lastKnownFileType = sourcecode.swift; path = AppDelegate.swift; sourceTree = "<group>"; };
		D7A9466C2A2889F4001E2CE1 /* SceneDelegate.swift */ = {isa = PBXFileReference; lastKnownFileType = sourcecode.swift; path = SceneDelegate.swift; sourceTree = "<group>"; };
		D7A9466E2A2889F4001E2CE1 /* ViewController.swift */ = {isa = PBXFileReference; lastKnownFileType = sourcecode.swift; path = ViewController.swift; sourceTree = "<group>"; };
		D7A946712A2889F4001E2CE1 /* Base */ = {isa = PBXFileReference; lastKnownFileType = file.storyboard; name = Base; path = Base.lproj/Main.storyboard; sourceTree = "<group>"; };
		D7A946732A2889F5001E2CE1 /* Assets.xcassets */ = {isa = PBXFileReference; lastKnownFileType = folder.assetcatalog; path = Assets.xcassets; sourceTree = "<group>"; };
		D7A946762A2889F5001E2CE1 /* Base */ = {isa = PBXFileReference; lastKnownFileType = file.storyboard; name = Base; path = Base.lproj/LaunchScreen.storyboard; sourceTree = "<group>"; };
		D7A946782A2889F5001E2CE1 /* Info.plist */ = {isa = PBXFileReference; lastKnownFileType = text.plist.xml; path = Info.plist; sourceTree = "<group>"; };
		D7A9467D2A2889F5001E2CE1 /* MVVM_Example_textfieldTests.xctest */ = {isa = PBXFileReference; explicitFileType = wrapper.cfbundle; includeInIndex = 0; path = MVVM_Example_textfieldTests.xctest; sourceTree = BUILT_PRODUCTS_DIR; };
		D7A946812A2889F5001E2CE1 /* MVVM_Example_textfieldTests.swift */ = {isa = PBXFileReference; lastKnownFileType = sourcecode.swift; path = MVVM_Example_textfieldTests.swift; sourceTree = "<group>"; };
		D7A946872A2889F5001E2CE1 /* MVVM_Example_textfieldUITests.xctest */ = {isa = PBXFileReference; explicitFileType = wrapper.cfbundle; includeInIndex = 0; path = MVVM_Example_textfieldUITests.xctest; sourceTree = BUILT_PRODUCTS_DIR; };
		D7A9468B2A2889F5001E2CE1 /* MVVM_Example_textfieldUITests.swift */ = {isa = PBXFileReference; lastKnownFileType = sourcecode.swift; path = MVVM_Example_textfieldUITests.swift; sourceTree = "<group>"; };
		D7A9468D2A2889F5001E2CE1 /* MVVM_Example_textfieldUITestsLaunchTests.swift */ = {isa = PBXFileReference; lastKnownFileType = sourcecode.swift; path = MVVM_Example_textfieldUITestsLaunchTests.swift; sourceTree = "<group>"; };
		D7A9469F2A288A5C001E2CE1 /* Observable.swift */ = {isa = PBXFileReference; lastKnownFileType = sourcecode.swift; path = Observable.swift; sourceTree = "<group>"; };
/* End PBXFileReference section */

/* Begin PBXFrameworksBuildPhase section */
		D7A946642A2889F4001E2CE1 /* Frameworks */ = {
			isa = PBXFrameworksBuildPhase;
			buildActionMask = 2147483647;
			files = (
			);
			runOnlyForDeploymentPostprocessing = 0;
		};
		D7A9467A2A2889F5001E2CE1 /* Frameworks */ = {
			isa = PBXFrameworksBuildPhase;
			buildActionMask = 2147483647;
			files = (
			);
			runOnlyForDeploymentPostprocessing = 0;
		};
		D7A946842A2889F5001E2CE1 /* Frameworks */ = {
			isa = PBXFrameworksBuildPhase;
			buildActionMask = 2147483647;
			files = (
			);
			runOnlyForDeploymentPostprocessing = 0;
		};
/* End PBXFrameworksBuildPhase section */

/* Begin PBXGroup section */
		D7A9465E2A2889F4001E2CE1 = {
			isa = PBXGroup;
			children = (
				D7A946692A2889F4001E2CE1 /* MVVM_Example_textfield */,
				D7A946802A2889F5001E2CE1 /* MVVM_Example_textfieldTests */,
				D7A9468A2A2889F5001E2CE1 /* MVVM_Example_textfieldUITests */,
				D7A946682A2889F4001E2CE1 /* Products */,
			);
			sourceTree = "<group>";
		};
		D7A946682A2889F4001E2CE1 /* Products */ = {
			isa = PBXGroup;
			children = (
				D7A946672A2889F4001E2CE1 /* MVVM_Example_textfield.app */,
				D7A9467D2A2889F5001E2CE1 /* MVVM_Example_textfieldTests.xctest */,
				D7A946872A2889F5001E2CE1 /* MVVM_Example_textfieldUITests.xctest */,
			);
			name = Products;
			sourceTree = "<group>";
		};
		D7A946692A2889F4001E2CE1 /* MVVM_Example_textfield */ = {
			isa = PBXGroup;
			children = (
				D7A9469E2A288A50001E2CE1 /* Helpers */,
				D7A9469D2A288A10001E2CE1 /* Models */,
				D7A9469C2A288A0E001E2CE1 /* Views */,
				D7A9469B2A288A04001E2CE1 /* ViewModels */,
				D7A9469A2A2889FB001E2CE1 /* SupportingFiles */,
				D7A946782A2889F5001E2CE1 /* Info.plist */,
			);
			path = MVVM_Example_textfield;
			sourceTree = "<group>";
		};
		D7A946802A2889F5001E2CE1 /* MVVM_Example_textfieldTests */ = {
			isa = PBXGroup;
			children = (
				D7A946812A2889F5001E2CE1 /* MVVM_Example_textfieldTests.swift */,
			);
			path = MVVM_Example_textfieldTests;
			sourceTree = "<group>";
		};
		D7A9468A2A2889F5001E2CE1 /* MVVM_Example_textfieldUITests */ = {
			isa = PBXGroup;
			children = (
				D7A9468B2A2889F5001E2CE1 /* MVVM_Example_textfieldUITests.swift */,
				D7A9468D2A2889F5001E2CE1 /* MVVM_Example_textfieldUITestsLaunchTests.swift */,
			);
			path = MVVM_Example_textfieldUITests;
			sourceTree = "<group>";
		};
		D7A9469A2A2889FB001E2CE1 /* SupportingFiles */ = {
			isa = PBXGroup;
			children = (
				D7A9466A2A2889F4001E2CE1 /* AppDelegate.swift */,
				D7A9466C2A2889F4001E2CE1 /* SceneDelegate.swift */,
				D7A946702A2889F4001E2CE1 /* Main.storyboard */,
				D7A946732A2889F5001E2CE1 /* Assets.xcassets */,
				D7A946752A2889F5001E2CE1 /* LaunchScreen.storyboard */,
			);
			path = SupportingFiles;
			sourceTree = "<group>";
		};
		D7A9469B2A288A04001E2CE1 /* ViewModels */ = {
			isa = PBXGroup;
			children = (
			);
			path = ViewModels;
			sourceTree = "<group>";
		};
		D7A9469C2A288A0E001E2CE1 /* Views */ = {
			isa = PBXGroup;
			children = (
				D7A9466E2A2889F4001E2CE1 /* ViewController.swift */,
			);
			path = Views;
			sourceTree = "<group>";
		};
		D7A9469D2A288A10001E2CE1 /* Models */ = {
			isa = PBXGroup;
			children = (
			);
			path = Models;
			sourceTree = "<group>";
		};
		D7A9469E2A288A50001E2CE1 /* Helpers */ = {
			isa = PBXGroup;
			children = (
				D7A9469F2A288A5C001E2CE1 /* Observable.swift */,
			);
			path = Helpers;
			sourceTree = "<group>";
		};
/* End PBXGroup section */

/* Begin PBXNativeTarget section */
		D7A946662A2889F4001E2CE1 /* MVVM_Example_textfield */ = {
			isa = PBXNativeTarget;
			buildConfigurationList = D7A946912A2889F5001E2CE1 /* Build configuration list for PBXNativeTarget "MVVM_Example_textfield" */;
			buildPhases = (
				D7A946632A2889F4001E2CE1 /* Sources */,
				D7A946642A2889F4001E2CE1 /* Frameworks */,
				D7A946652A2889F4001E2CE1 /* Resources */,
			);
			buildRules = (
			);
			dependencies = (
			);
			name = MVVM_Example_textfield;
			productName = MVVM_Example_textfield;
			productReference = D7A946672A2889F4001E2CE1 /* MVVM_Example_textfield.app */;
			productType = "com.apple.product-type.application";
		};
		D7A9467C2A2889F5001E2CE1 /* MVVM_Example_textfieldTests */ = {
			isa = PBXNativeTarget;
			buildConfigurationList = D7A946942A2889F5001E2CE1 /* Build configuration list for PBXNativeTarget "MVVM_Example_textfieldTests" */;
			buildPhases = (
				D7A946792A2889F5001E2CE1 /* Sources */,
				D7A9467A2A2889F5001E2CE1 /* Frameworks */,
				D7A9467B2A2889F5001E2CE1 /* Resources */,
			);
			buildRules = (
			);
			dependencies = (
				D7A9467F2A2889F5001E2CE1 /* PBXTargetDependency */,
			);
			name = MVVM_Example_textfieldTests;
			productName = MVVM_Example_textfieldTests;
			productReference = D7A9467D2A2889F5001E2CE1 /* MVVM_Example_textfieldTests.xctest */;
			productType = "com.apple.product-type.bundle.unit-test";
		};
		D7A946862A2889F5001E2CE1 /* MVVM_Example_textfieldUITests */ = {
			isa = PBXNativeTarget;
			buildConfigurationList = D7A946972A2889F5001E2CE1 /* Build configuration list for PBXNativeTarget "MVVM_Example_textfieldUITests" */;
			buildPhases = (
				D7A946832A2889F5001E2CE1 /* Sources */,
				D7A946842A2889F5001E2CE1 /* Frameworks */,
				D7A946852A2889F5001E2CE1 /* Resources */,
			);
			buildRules = (
			);
			dependencies = (
				D7A946892A2889F5001E2CE1 /* PBXTargetDependency */,
			);
			name = MVVM_Example_textfieldUITests;
			productName = MVVM_Example_textfieldUITests;
			productReference = D7A946872A2889F5001E2CE1 /* MVVM_Example_textfieldUITests.xctest */;
			productType = "com.apple.product-type.bundle.ui-testing";
		};
/* End PBXNativeTarget section */

/* Begin PBXProject section */
		D7A9465F2A2889F4001E2CE1 /* Project object */ = {
			isa = PBXProject;
			attributes = {
				BuildIndependentTargetsInParallel = 1;
				LastSwiftUpdateCheck = 1430;
				LastUpgradeCheck = 1430;
				TargetAttributes = {
					D7A946662A2889F4001E2CE1 = {
						CreatedOnToolsVersion = 14.3;
					};
					D7A9467C2A2889F5001E2CE1 = {
						CreatedOnToolsVersion = 14.3;
						TestTargetID = D7A946662A2889F4001E2CE1;
					};
					D7A946862A2889F5001E2CE1 = {
						CreatedOnToolsVersion = 14.3;
						TestTargetID = D7A946662A2889F4001E2CE1;
					};
				};
			};
			buildConfigurationList = D7A946622A2889F4001E2CE1 /* Build configuration list for PBXProject "MVVM_Example_textfield" */;
			compatibilityVersion = "Xcode 14.0";
			developmentRegion = en;
			hasScannedForEncodings = 0;
			knownRegions = (
				en,
				Base,
			);
			mainGroup = D7A9465E2A2889F4001E2CE1;
			productRefGroup = D7A946682A2889F4001E2CE1 /* Products */;
			projectDirPath = "";
			projectRoot = "";
			targets = (
				D7A946662A2889F4001E2CE1 /* MVVM_Example_textfield */,
				D7A9467C2A2889F5001E2CE1 /* MVVM_Example_textfieldTests */,
				D7A946862A2889F5001E2CE1 /* MVVM_Example_textfieldUITests */,
			);
		};
/* End PBXProject section */

/* Begin PBXResourcesBuildPhase section */
		D7A946652A2889F4001E2CE1 /* Resources */ = {
			isa = PBXResourcesBuildPhase;
			buildActionMask = 2147483647;
			files = (
				D7A946772A2889F5001E2CE1 /* LaunchScreen.storyboard in Resources */,
				D7A946742A2889F5001E2CE1 /* Assets.xcassets in Resources */,
				D7A946722A2889F4001E2CE1 /* Main.storyboard in Resources */,
			);
			runOnlyForDeploymentPostprocessing = 0;
		};
		D7A9467B2A2889F5001E2CE1 /* Resources */ = {
			isa = PBXResourcesBuildPhase;
			buildActionMask = 2147483647;
			files = (
			);
			runOnlyForDeploymentPostprocessing = 0;
		};
		D7A946852A2889F5001E2CE1 /* Resources */ = {
			isa = PBXResourcesBuildPhase;
			buildActionMask = 2147483647;
			files = (
			);
			runOnlyForDeploymentPostprocessing = 0;
		};
/* End PBXResourcesBuildPhase section */

/* Begin PBXSourcesBuildPhase section */
		D7A946632A2889F4001E2CE1 /* Sources */ = {
			isa = PBXSourcesBuildPhase;
			buildActionMask = 2147483647;
			files = (
				D7A946A02A288A5C001E2CE1 /* Observable.swift in Sources */,
				D7A9466F2A2889F4001E2CE1 /* ViewController.swift in Sources */,
				D7A9466B2A2889F4001E2CE1 /* AppDelegate.swift in Sources */,
				D7A9466D2A2889F4001E2CE1 /* SceneDelegate.swift in Sources */,
			);
			runOnlyForDeploymentPostprocessing = 0;
		};
		D7A946792A2889F5001E2CE1 /* Sources */ = {
			isa = PBXSourcesBuildPhase;
			buildActionMask = 2147483647;
			files = (
				D7A946822A2889F5001E2CE1 /* MVVM_Example_textfieldTests.swift in Sources */,
			);
			runOnlyForDeploymentPostprocessing = 0;
		};
		D7A946832A2889F5001E2CE1 /* Sources */ = {
			isa = PBXSourcesBuildPhase;
			buildActionMask = 2147483647;
			files = (
				D7A9468C2A2889F5001E2CE1 /* MVVM_Example_textfieldUITests.swift in Sources */,
				D7A9468E2A2889F5001E2CE1 /* MVVM_Example_textfieldUITestsLaunchTests.swift in Sources */,
			);
			runOnlyForDeploymentPostprocessing = 0;
		};
/* End PBXSourcesBuildPhase section */

/* Begin PBXTargetDependency section */
		D7A9467F2A2889F5001E2CE1 /* PBXTargetDependency */ = {
			isa = PBXTargetDependency;
			target = D7A946662A2889F4001E2CE1 /* MVVM_Example_textfield */;
			targetProxy = D7A9467E2A2889F5001E2CE1 /* PBXContainerItemProxy */;
		};
		D7A946892A2889F5001E2CE1 /* PBXTargetDependency */ = {
			isa = PBXTargetDependency;
			target = D7A946662A2889F4001E2CE1 /* MVVM_Example_textfield */;
			targetProxy = D7A946882A2889F5001E2CE1 /* PBXContainerItemProxy */;
		};
/* End PBXTargetDependency section */

/* Begin PBXVariantGroup section */
		D7A946702A2889F4001E2CE1 /* Main.storyboard */ = {
			isa = PBXVariantGroup;
			children = (
				D7A946712A2889F4001E2CE1 /* Base */,
			);
			name = Main.storyboard;
			sourceTree = "<group>";
		};
		D7A946752A2889F5001E2CE1 /* LaunchScreen.storyboard */ = {
			isa = PBXVariantGroup;
			children = (
				D7A946762A2889F5001E2CE1 /* Base */,
			);
			name = LaunchScreen.storyboard;
			sourceTree = "<group>";
		};
/* End PBXVariantGroup section */

/* Begin XCBuildConfiguration section */
		D7A9468F2A2889F5001E2CE1 /* Debug */ = {
			isa = XCBuildConfiguration;
			buildSettings = {
				ALWAYS_SEARCH_USER_PATHS = NO;
				CLANG_ANALYZER_NONNULL = YES;
				CLANG_ANALYZER_NUMBER_OBJECT_CONVERSION = YES_AGGRESSIVE;
				CLANG_CXX_LANGUAGE_STANDARD = "gnu++20";
				CLANG_ENABLE_MODULES = YES;
				CLANG_ENABLE_OBJC_ARC = YES;
				CLANG_ENABLE_OBJC_WEAK = YES;
				CLANG_WARN_BLOCK_CAPTURE_AUTORELEASING = YES;
				CLANG_WARN_BOOL_CONVERSION = YES;
				CLANG_WARN_COMMA = YES;
				CLANG_WARN_CONSTANT_CONVERSION = YES;
				CLANG_WARN_DEPRECATED_OBJC_IMPLEMENTATIONS = YES;
				CLANG_WARN_DIRECT_OBJC_ISA_USAGE = YES_ERROR;
				CLANG_WARN_DOCUMENTATION_COMMENTS = YES;
				CLANG_WARN_EMPTY_BODY = YES;
				CLANG_WARN_ENUM_CONVERSION = YES;
				CLANG_WARN_INFINITE_RECURSION = YES;
				CLANG_WARN_INT_CONVERSION = YES;
				CLANG_WARN_NON_LITERAL_NULL_CONVERSION = YES;
				CLANG_WARN_OBJC_IMPLICIT_RETAIN_SELF = YES;
				CLANG_WARN_OBJC_LITERAL_CONVERSION = YES;
				CLANG_WARN_OBJC_ROOT_CLASS = YES_ERROR;
				CLANG_WARN_QUOTED_INCLUDE_IN_FRAMEWORK_HEADER = YES;
				CLANG_WARN_RANGE_LOOP_ANALYSIS = YES;
				CLANG_WARN_STRICT_PROTOTYPES = YES;
				CLANG_WARN_SUSPICIOUS_MOVE = YES;
				CLANG_WARN_UNGUARDED_AVAILABILITY = YES_AGGRESSIVE;
				CLANG_WARN_UNREACHABLE_CODE = YES;
				CLANG_WARN__DUPLICATE_METHOD_MATCH = YES;
				COPY_PHASE_STRIP = NO;
				DEBUG_INFORMATION_FORMAT = dwarf;
				ENABLE_STRICT_OBJC_MSGSEND = YES;
				ENABLE_TESTABILITY = YES;
				GCC_C_LANGUAGE_STANDARD = gnu11;
				GCC_DYNAMIC_NO_PIC = NO;
				GCC_NO_COMMON_BLOCKS = YES;
				GCC_OPTIMIZATION_LEVEL = 0;
				GCC_PREPROCESSOR_DEFINITIONS = (
					"DEBUG=1",
					"$(inherited)",
				);
				GCC_WARN_64_TO_32_BIT_CONVERSION = YES;
				GCC_WARN_ABOUT_RETURN_TYPE = YES_ERROR;
				GCC_WARN_UNDECLARED_SELECTOR = YES;
				GCC_WARN_UNINITIALIZED_AUTOS = YES_AGGRESSIVE;
				GCC_WARN_UNUSED_FUNCTION = YES;
				GCC_WARN_UNUSED_VARIABLE = YES;
				IPHONEOS_DEPLOYMENT_TARGET = 16.4;
				MTL_ENABLE_DEBUG_INFO = INCLUDE_SOURCE;
				MTL_FAST_MATH = YES;
				ONLY_ACTIVE_ARCH = YES;
				SDKROOT = iphoneos;
				SWIFT_ACTIVE_COMPILATION_CONDITIONS = DEBUG;
				SWIFT_OPTIMIZATION_LEVEL = "-Onone";
			};
			name = Debug;
		};
		D7A946902A2889F5001E2CE1 /* Release */ = {
			isa = XCBuildConfiguration;
			buildSettings = {
				ALWAYS_SEARCH_USER_PATHS = NO;
				CLANG_ANALYZER_NONNULL = YES;
				CLANG_ANALYZER_NUMBER_OBJECT_CONVERSION = YES_AGGRESSIVE;
				CLANG_CXX_LANGUAGE_STANDARD = "gnu++20";
				CLANG_ENABLE_MODULES = YES;
				CLANG_ENABLE_OBJC_ARC = YES;
				CLANG_ENABLE_OBJC_WEAK = YES;
				CLANG_WARN_BLOCK_CAPTURE_AUTORELEASING = YES;
				CLANG_WARN_BOOL_CONVERSION = YES;
				CLANG_WARN_COMMA = YES;
				CLANG_WARN_CONSTANT_CONVERSION = YES;
				CLANG_WARN_DEPRECATED_OBJC_IMPLEMENTATIONS = YES;
				CLANG_WARN_DIRECT_OBJC_ISA_USAGE = YES_ERROR;
				CLANG_WARN_DOCUMENTATION_COMMENTS = YES;
				CLANG_WARN_EMPTY_BODY = YES;
				CLANG_WARN_ENUM_CONVERSION = YES;
				CLANG_WARN_INFINITE_RECURSION = YES;
				CLANG_WARN_INT_CONVERSION = YES;
				CLANG_WARN_NON_LITERAL_NULL_CONVERSION = YES;
				CLANG_WARN_OBJC_IMPLICIT_RETAIN_SELF = YES;
				CLANG_WARN_OBJC_LITERAL_CONVERSION = YES;
				CLANG_WARN_OBJC_ROOT_CLASS = YES_ERROR;
				CLANG_WARN_QUOTED_INCLUDE_IN_FRAMEWORK_HEADER = YES;
				CLANG_WARN_RANGE_LOOP_ANALYSIS = YES;
				CLANG_WARN_STRICT_PROTOTYPES = YES;
				CLANG_WARN_SUSPICIOUS_MOVE = YES;
				CLANG_WARN_UNGUARDED_AVAILABILITY = YES_AGGRESSIVE;
				CLANG_WARN_UNREACHABLE_CODE = YES;
				CLANG_WARN__DUPLICATE_METHOD_MATCH = YES;
				COPY_PHASE_STRIP = NO;
				DEBUG_INFORMATION_FORMAT = "dwarf-with-dsym";
				ENABLE_NS_ASSERTIONS = NO;
				ENABLE_STRICT_OBJC_MSGSEND = YES;
				GCC_C_LANGUAGE_STANDARD = gnu11;
				GCC_NO_COMMON_BLOCKS = YES;
				GCC_WARN_64_TO_32_BIT_CONVERSION = YES;
				GCC_WARN_ABOUT_RETURN_TYPE = YES_ERROR;
				GCC_WARN_UNDECLARED_SELECTOR = YES;
				GCC_WARN_UNINITIALIZED_AUTOS = YES_AGGRESSIVE;
				GCC_WARN_UNUSED_FUNCTION = YES;
				GCC_WARN_UNUSED_VARIABLE = YES;
				IPHONEOS_DEPLOYMENT_TARGET = 16.4;
				MTL_ENABLE_DEBUG_INFO = NO;
				MTL_FAST_MATH = YES;
				SDKROOT = iphoneos;
				SWIFT_COMPILATION_MODE = wholemodule;
				SWIFT_OPTIMIZATION_LEVEL = "-O";
				VALIDATE_PRODUCT = YES;
			};
			name = Release;
		};
		D7A946922A2889F5001E2CE1 /* Debug */ = {
			isa = XCBuildConfiguration;
			buildSettings = {
				ASSETCATALOG_COMPILER_APPICON_NAME = AppIcon;
				ASSETCATALOG_COMPILER_GLOBAL_ACCENT_COLOR_NAME = AccentColor;
				CODE_SIGN_STYLE = Automatic;
				CURRENT_PROJECT_VERSION = 1;
				DEVELOPMENT_TEAM = RGZ8HP6A2J;
				GENERATE_INFOPLIST_FILE = YES;
				INFOPLIST_FILE = MVVM_Example_textfield/Info.plist;
				INFOPLIST_KEY_UIApplicationSupportsIndirectInputEvents = YES;
				INFOPLIST_KEY_UILaunchStoryboardName = LaunchScreen;
				INFOPLIST_KEY_UIMainStoryboardFile = Main;
				INFOPLIST_KEY_UISupportedInterfaceOrientations_iPad = "UIInterfaceOrientationPortrait UIInterfaceOrientationPortraitUpsideDown UIInterfaceOrientationLandscapeLeft UIInterfaceOrientationLandscapeRight";
				INFOPLIST_KEY_UISupportedInterfaceOrientations_iPhone = "UIInterfaceOrientationPortrait UIInterfaceOrientationLandscapeLeft UIInterfaceOrientationLandscapeRight";
				LD_RUNPATH_SEARCH_PATHS = (
					"$(inherited)",
					"@executable_path/Frameworks",
				);
				MARKETING_VERSION = 1.0;
				PRODUCT_BUNDLE_IDENTIFIER = "dangsal.MVVM-Example-textfield";
				PRODUCT_NAME = "$(TARGET_NAME)";
				SWIFT_EMIT_LOC_STRINGS = YES;
				SWIFT_VERSION = 5.0;
				TARGETED_DEVICE_FAMILY = "1,2";
			};
			name = Debug;
		};
		D7A946932A2889F5001E2CE1 /* Release */ = {
			isa = XCBuildConfiguration;
			buildSettings = {
				ASSETCATALOG_COMPILER_APPICON_NAME = AppIcon;
				ASSETCATALOG_COMPILER_GLOBAL_ACCENT_COLOR_NAME = AccentColor;
				CODE_SIGN_STYLE = Automatic;
				CURRENT_PROJECT_VERSION = 1;
				DEVELOPMENT_TEAM = RGZ8HP6A2J;
				GENERATE_INFOPLIST_FILE = YES;
				INFOPLIST_FILE = MVVM_Example_textfield/Info.plist;
				INFOPLIST_KEY_UIApplicationSupportsIndirectInputEvents = YES;
				INFOPLIST_KEY_UILaunchStoryboardName = LaunchScreen;
				INFOPLIST_KEY_UIMainStoryboardFile = Main;
				INFOPLIST_KEY_UISupportedInterfaceOrientations_iPad = "UIInterfaceOrientationPortrait UIInterfaceOrientationPortraitUpsideDown UIInterfaceOrientationLandscapeLeft UIInterfaceOrientationLandscapeRight";
				INFOPLIST_KEY_UISupportedInterfaceOrientations_iPhone = "UIInterfaceOrientationPortrait UIInterfaceOrientationLandscapeLeft UIInterfaceOrientationLandscapeRight";
				LD_RUNPATH_SEARCH_PATHS = (
					"$(inherited)",
					"@executable_path/Frameworks",
				);
				MARKETING_VERSION = 1.0;
				PRODUCT_BUNDLE_IDENTIFIER = "dangsal.MVVM-Example-textfield";
				PRODUCT_NAME = "$(TARGET_NAME)";
				SWIFT_EMIT_LOC_STRINGS = YES;
				SWIFT_VERSION = 5.0;
				TARGETED_DEVICE_FAMILY = "1,2";
			};
			name = Release;
		};
		D7A946952A2889F5001E2CE1 /* Debug */ = {
			isa = XCBuildConfiguration;
			buildSettings = {
				ALWAYS_EMBED_SWIFT_STANDARD_LIBRARIES = YES;
				BUNDLE_LOADER = "$(TEST_HOST)";
				CODE_SIGN_STYLE = Automatic;
				CURRENT_PROJECT_VERSION = 1;
				DEVELOPMENT_TEAM = RGZ8HP6A2J;
				GENERATE_INFOPLIST_FILE = YES;
				IPHONEOS_DEPLOYMENT_TARGET = 16.4;
				MARKETING_VERSION = 1.0;
				PRODUCT_BUNDLE_IDENTIFIER = "dangsal.MVVM-Example-textfieldTests";
				PRODUCT_NAME = "$(TARGET_NAME)";
				SWIFT_EMIT_LOC_STRINGS = NO;
				SWIFT_VERSION = 5.0;
				TARGETED_DEVICE_FAMILY = "1,2";
				TEST_HOST = "$(BUILT_PRODUCTS_DIR)/MVVM_Example_textfield.app/$(BUNDLE_EXECUTABLE_FOLDER_PATH)/MVVM_Example_textfield";
			};
			name = Debug;
		};
		D7A946962A2889F5001E2CE1 /* Release */ = {
			isa = XCBuildConfiguration;
			buildSettings = {
				ALWAYS_EMBED_SWIFT_STANDARD_LIBRARIES = YES;
				BUNDLE_LOADER = "$(TEST_HOST)";
				CODE_SIGN_STYLE = Automatic;
				CURRENT_PROJECT_VERSION = 1;
				DEVELOPMENT_TEAM = RGZ8HP6A2J;
				GENERATE_INFOPLIST_FILE = YES;
				IPHONEOS_DEPLOYMENT_TARGET = 16.4;
				MARKETING_VERSION = 1.0;
				PRODUCT_BUNDLE_IDENTIFIER = "dangsal.MVVM-Example-textfieldTests";
				PRODUCT_NAME = "$(TARGET_NAME)";
				SWIFT_EMIT_LOC_STRINGS = NO;
				SWIFT_VERSION = 5.0;
				TARGETED_DEVICE_FAMILY = "1,2";
				TEST_HOST = "$(BUILT_PRODUCTS_DIR)/MVVM_Example_textfield.app/$(BUNDLE_EXECUTABLE_FOLDER_PATH)/MVVM_Example_textfield";
			};
			name = Release;
		};
		D7A946982A2889F5001E2CE1 /* Debug */ = {
			isa = XCBuildConfiguration;
			buildSettings = {
				ALWAYS_EMBED_SWIFT_STANDARD_LIBRARIES = YES;
				CODE_SIGN_STYLE = Automatic;
				CURRENT_PROJECT_VERSION = 1;
				DEVELOPMENT_TEAM = RGZ8HP6A2J;
				GENERATE_INFOPLIST_FILE = YES;
				MARKETING_VERSION = 1.0;
				PRODUCT_BUNDLE_IDENTIFIER = "dangsal.MVVM-Example-textfieldUITests";
				PRODUCT_NAME = "$(TARGET_NAME)";
				SWIFT_EMIT_LOC_STRINGS = NO;
				SWIFT_VERSION = 5.0;
				TARGETED_DEVICE_FAMILY = "1,2";
				TEST_TARGET_NAME = MVVM_Example_textfield;
			};
			name = Debug;
		};
		D7A946992A2889F5001E2CE1 /* Release */ = {
			isa = XCBuildConfiguration;
			buildSettings = {
				ALWAYS_EMBED_SWIFT_STANDARD_LIBRARIES = YES;
				CODE_SIGN_STYLE = Automatic;
				CURRENT_PROJECT_VERSION = 1;
				DEVELOPMENT_TEAM = RGZ8HP6A2J;
				GENERATE_INFOPLIST_FILE = YES;
				MARKETING_VERSION = 1.0;
				PRODUCT_BUNDLE_IDENTIFIER = "dangsal.MVVM-Example-textfieldUITests";
				PRODUCT_NAME = "$(TARGET_NAME)";
				SWIFT_EMIT_LOC_STRINGS = NO;
				SWIFT_VERSION = 5.0;
				TARGETED_DEVICE_FAMILY = "1,2";
				TEST_TARGET_NAME = MVVM_Example_textfield;
			};
			name = Release;
		};
/* End XCBuildConfiguration section */

/* Begin XCConfigurationList section */
		D7A946622A2889F4001E2CE1 /* Build configuration list for PBXProject "MVVM_Example_textfield" */ = {
			isa = XCConfigurationList;
			buildConfigurations = (
				D7A9468F2A2889F5001E2CE1 /* Debug */,
				D7A946902A2889F5001E2CE1 /* Release */,
			);
			defaultConfigurationIsVisible = 0;
			defaultConfigurationName = Release;
		};
		D7A946912A2889F5001E2CE1 /* Build configuration list for PBXNativeTarget "MVVM_Example_textfield" */ = {
			isa = XCConfigurationList;
			buildConfigurations = (
				D7A946922A2889F5001E2CE1 /* Debug */,
				D7A946932A2889F5001E2CE1 /* Release */,
			);
			defaultConfigurationIsVisible = 0;
			defaultConfigurationName = Release;
		};
		D7A946942A2889F5001E2CE1 /* Build configuration list for PBXNativeTarget "MVVM_Example_textfieldTests" */ = {
			isa = XCConfigurationList;
			buildConfigurations = (
				D7A946952A2889F5001E2CE1 /* Debug */,
				D7A946962A2889F5001E2CE1 /* Release */,
			);
			defaultConfigurationIsVisible = 0;
			defaultConfigurationName = Release;
		};
		D7A946972A2889F5001E2CE1 /* Build configuration list for PBXNativeTarget "MVVM_Example_textfieldUITests" */ = {
			isa = XCConfigurationList;
			buildConfigurations = (
				D7A946982A2889F5001E2CE1 /* Debug */,
				D7A946992A2889F5001E2CE1 /* Release */,
			);
			defaultConfigurationIsVisible = 0;
			defaultConfigurationName = Release;
		};
/* End XCConfigurationList section */
	};
	rootObject = D7A9465F2A2889F4001E2CE1 /* Project object */;
}
